# THIS IS AN AUTOGENERATED FILE. DO NOT EDIT THIS FILE DIRECTLY.
# yarn lockfile v1


font-linux@^0.6.1:
  version "0.6.1"
  resolved "https://registry.yarnpkg.com/font-linux/-/font-linux-0.6.1.tgz#d586f46336b7da06ea3b7f10f7aee2b6346eed4f"
  integrity sha1-1Yb0Yza32gbqO38Q967itjRu7U8=

gentelella@^1.4.0:
  version "1.4.0"
  resolved "https://registry.yarnpkg.com/gentelella/-/gentelella-1.4.0.tgz#b3d15fd9c40c6ea47dc7f36290c8f89aee95efc5"
  integrity sha512-lp54+y6bwSLHF6KMstW2jD6oqV68vLMnFqMqATRp5a/8Tp52NYly7Q+5FZIMaNKATrb3EKx+BN/bKpaZ4BYLEw==
