# THIS IS AN AUTOGENERATED FILE. DO NOT EDIT THIS FILE DIRECTLY.
# yarn lockfile v1


"@babel/runtime@^7.22.5":
  version "7.22.5"
  resolved "https://registry.yarnpkg.com/@babel/runtime/-/runtime-7.22.5.tgz#8564dd588182ce0047d55d7a75e93921107b57ec"
  integrity sha512-ecjvYlnAaZ/KVneE/OdKYBYfgXV3Ptu6zQWmgEF7vwKhQnvVS6bjMD2XYgj+SNvQ1GfK/pjgokfPkC/2CO8CuA==
  dependencies:
    regenerator-runtime "^0.13.11"

"@socket.io/component-emitter@~3.1.0":
  version "3.1.0"
  resolved "https://registry.yarnpkg.com/@socket.io/component-emitter/-/component-emitter-3.1.0.tgz#96116f2a912e0c02817345b3c10751069920d553"
  integrity sha512-+9jVqKhRSpsc591z5vX+X5Yyw+he/HCB4iQ/RYxw35CEPaY1gnsNE43nf9n9AaYjAQrTiI/mOwKUKdUs9vf7Xg==

"@swc/helpers@^0.3.13":
  version "0.3.17"
  resolved "https://registry.yarnpkg.com/@swc/helpers/-/helpers-0.3.17.tgz#7c1b91f43c77e2bba99492162a498d465ef253d5"
  integrity sha512-tb7Iu+oZ+zWJZ3HJqwx8oNwSDIU440hmVMDPhpACWQWnrZHK99Bxs70gT1L2dnr5Hg50ZRWEFkQCAnOVVV0z1Q==
  dependencies:
    tslib "^2.4.0"

"@types/cookie@^0.4.1":
  version "0.4.1"
  resolved "https://registry.yarnpkg.com/@types/cookie/-/cookie-0.4.1.tgz#bfd02c1f2224567676c1545199f87c3a861d878d"
  integrity sha512-XW/Aa8APYr6jSVVA1y/DEIZX0/GMKLEVekNG727R8cs56ahETkRAy/3DR7+fJyh7oUgGwNQaRfXCun0+KbWY7Q==

"@types/cors@^2.8.12":
  version "2.8.15"
  resolved "https://registry.yarnpkg.com/@types/cors/-/cors-2.8.15.tgz#eb143aa2f8807ddd78e83cbff141bbedd91b60ee"
  integrity sha512-n91JxbNLD8eQIuXDIChAN1tCKNWCEgpceU9b7ZMbFA+P+Q4yIeh80jizFLEvolRPc1ES0VdwFlGv+kJTSirogw==
  dependencies:
    "@types/node" "*"

"@types/node@*", "@types/node@>=10.0.0":
  version "20.8.9"
  resolved "https://registry.yarnpkg.com/@types/node/-/node-20.8.9.tgz#646390b4fab269abce59c308fc286dcd818a2b08"
  integrity sha512-UzykFsT3FhHb1h7yD4CA4YhBHq545JC0YnEz41xkipN88eKQtL6rSgocL5tbAP6Ola9Izm/Aw4Ora8He4x0BHg==
  dependencies:
    undici-types "~5.26.4"

accepts@~1.3.4:
  version "1.3.8"
  resolved "https://registry.yarnpkg.com/accepts/-/accepts-1.3.8.tgz#0bf0be125b67014adcb0b0921e62db7bffe16b2e"
  integrity sha512-PYAthTa2m2VKxuvSD3DPC/Gy+U+sOA1LAuT8mkmRuvw+NACSaeXEQ+NHcVF7rONl6qcaxV3Uuemwawk+7+SJLw==
  dependencies:
    mime-types "~2.1.34"
    negotiator "0.6.3"

array-buffer-byte-length@^1.0.0:
  version "1.0.0"
  resolved "https://registry.yarnpkg.com/array-buffer-byte-length/-/array-buffer-byte-length-1.0.0.tgz#fabe8bc193fea865f317fe7807085ee0dee5aead"
  integrity sha512-LPuwb2P+NrQw3XhxGc36+XSvuBPopovXYTR9Ew++Du9Yb/bx5AzBfrIsBoj0EZUifjQU+sHL21sseZ3jerWO/A==
  dependencies:
    call-bind "^1.0.2"
    is-array-buffer "^3.0.1"

autosize@^3.0.15:
  version "3.0.21"
  resolved "https://registry.yarnpkg.com/autosize/-/autosize-3.0.21.tgz#f182f40d17757d978a139a4c9ca40c4c0e448603"
  integrity sha512-xGFj5jTV4up6+fxRwtnAWiCIx/5N0tEnFn5rdhAkK1Lq2mliLMuGJgP5Bf4phck3sHGYrVKpYwugfJ61MSz9nA==

available-typed-arrays@^1.0.5:
  version "1.0.5"
  resolved "https://registry.yarnpkg.com/available-typed-arrays/-/available-typed-arrays-1.0.5.tgz#92f95616501069d07d10edb2fc37d3e1c65123b7"
  integrity sha512-DMD0KiN46eipeziST1LPP/STfDU0sufISXmjSgvVsoU2tqxctQeASejWcfNtxYKqETM1UxQ8sp2OrSBWpHY6sw==

base64-js@0.0.8:
  version "0.0.8"
  resolved "https://registry.yarnpkg.com/base64-js/-/base64-js-0.0.8.tgz#1101e9544f4a76b1bc3b26d452ca96d7a35e7978"
  integrity sha512-3XSA2cR/h/73EzlXXdU6YNycmYI7+kicTxks4eJg2g39biHR84slg2+des+p7iHYhbRg/udIS4TD53WabcOUkw==

base64-js@^1.1.2, base64-js@^1.3.0:
  version "1.5.1"
  resolved "https://registry.yarnpkg.com/base64-js/-/base64-js-1.5.1.tgz#1b1b440160a5bf7ad40b650f095963481903930a"
  integrity sha512-AKpaYlHn8t4SVbOHCy+b5+KKgvR4vrsD8vbvrbiQJps7fKDTkjkDry6ji0rUJjC0kzbNePLwzxq8iypo41qeWA==

base64id@2.0.0, base64id@~2.0.0:
  version "2.0.0"
  resolved "https://registry.yarnpkg.com/base64id/-/base64id-2.0.0.tgz#2770ac6bc47d312af97a8bf9a634342e0cd25cb6"
  integrity sha512-lGe34o6EHj9y3Kts9R4ZYs/Gr+6N7MCaMlIFA3F1R2O5/m7K06AxfSeO5530PEERE6/WyEg3lsuyw4GHlPZHog==

bootstrap-progressbar@^0.9.0:
  version "0.9.0"
  resolved "https://registry.yarnpkg.com/bootstrap-progressbar/-/bootstrap-progressbar-0.9.0.tgz#cc00fb94797111556dc9af7ea6b5cadbee30cac4"
  integrity sha512-qbb+qEInTOMRTo8LVRFBojU/JH743mQ3DC3DGS9x5T8lrbsIBSrAX8IF1QuSCE/DIMw7T87x1al607kjCK47lw==

bootstrap@^3.3.7:
  version "3.4.1"
  resolved "https://registry.yarnpkg.com/bootstrap/-/bootstrap-3.4.1.tgz#c3a347d419e289ad11f4033e3c4132b87c081d72"
  integrity sha512-yN5oZVmRCwe5aKwzRj6736nSmKDX7pLYwsXiCj/EYmo16hODaBiT4En5btW/jhBF/seV+XMx3aYwukYC3A49DA==

brotli@^1.3.2:
  version "1.3.3"
  resolved "https://registry.yarnpkg.com/brotli/-/brotli-1.3.3.tgz#7365d8cc00f12cf765d2b2c898716bcf4b604d48"
  integrity sha512-oTKjJdShmDuGW94SyyaoQvAjf30dZaHnjJ8uAF+u2/vGJkJbJPJAT1gDiOJP5v1Zb6f9KEyW/1HpuaWIXtGHPg==
  dependencies:
    base64-js "^1.1.2"

call-bind@^1.0.0, call-bind@^1.0.2, call-bind@^1.0.4, call-bind@^1.0.5:
  version "1.0.5"
  resolved "https://registry.yarnpkg.com/call-bind/-/call-bind-1.0.5.tgz#6fa2b7845ce0ea49bf4d8b9ef64727a2c2e2e513"
  integrity sha512-C3nQxfFZxFRVoJoGKKI8y3MOEo129NQ+FgQ08iye+Mk4zNZZGdjfs06bVTr+DBSlA66Q2VEcMki/cUCP4SercQ==
  dependencies:
    function-bind "^1.1.2"
    get-intrinsic "^1.2.1"
    set-function-length "^1.1.1"

clone@^2.1.2:
  version "2.1.2"
  resolved "https://registry.yarnpkg.com/clone/-/clone-2.1.2.tgz#1b7f4b9f591f1e8f83670401600345a02887435f"
  integrity sha512-3Pe/CF1Nn94hyhIYpjtiLhdCoEoz0DqQ+988E9gmeEdQZlojxnOb74wctFyuwWQHzqyf9X7C7MG8juUpqBJT8w==

complex.js@^2.1.1:
  version "2.1.1"
  resolved "https://registry.yarnpkg.com/complex.js/-/complex.js-2.1.1.tgz#0675dac8e464ec431fb2ab7d30f41d889fb25c31"
  integrity sha512-8njCHOTtFFLtegk6zQo0kkVX1rngygb/KQI6z1qZxlFI3scluC+LVTCFbrkWjBv4vvLlbQ9t88IPMC6k95VTTg==

cookie@~0.4.1:
  version "0.4.2"
  resolved "https://registry.yarnpkg.com/cookie/-/cookie-0.4.2.tgz#0e41f24de5ecf317947c82fc789e06a884824432"
  integrity sha512-aSWTXFzaKWkvHO1Ny/s+ePFpvKsPnjc551iI41v3ny/ow6tBG5Vd+FuqGNhh1LxOmVzOlGUriIlOaokOvhaStA==

cors@~2.8.5:
  version "2.8.5"
  resolved "https://registry.yarnpkg.com/cors/-/cors-2.8.5.tgz#eac11da51592dd86b9f06f6e7ac293b3df875d29"
  integrity sha512-KIHbLJqu73RGr/hnbrO9uBeixNGuvSQjul/jdFvS/KFSIH1hWVd1ng7zOHx+YrEfInLG7q4n6GHQ9cDtxv/P6g==
  dependencies:
    object-assign "^4"
    vary "^1"

crypto-js@^4.0.0, crypto-js@^4.2.0:
  version "4.2.0"
  resolved "https://registry.yarnpkg.com/crypto-js/-/crypto-js-4.2.0.tgz#4d931639ecdfd12ff80e8186dba6af2c2e856631"
  integrity sha512-KALDyEYgpY+Rlob/iriUtjV6d5Eq+Y191A5g4UqLAi8CyGP9N1+FdVbkc1SxKc2r4YAYqG8JzO2KGL+AizD70Q==

datatables.net-bs@>=1.13.4, datatables.net-bs@^1.10.11, datatables.net-bs@^1.10.15:
  version "1.13.8"
  resolved "https://registry.yarnpkg.com/datatables.net-bs/-/datatables.net-bs-1.13.8.tgz#59e541e7d3399f42bc5b7f1f592f7343c33e83f3"
  integrity sha512-KJ1ePUXVHi/l3qP+r2uan3NJPIwtHP2hep9H7oP2UrEEq9Ibkhm5HHr6Pce+qpQbMd1x0584Grxydz4Zx/SqBg==
  dependencies:
    datatables.net "1.13.8"
    jquery ">=1.7"

datatables.net-buttons-bs@^1.1.2:
  version "1.7.1"
  resolved "https://registry.yarnpkg.com/datatables.net-buttons-bs/-/datatables.net-buttons-bs-1.7.1.tgz#2fb0542902d6e127dd160b4e46731d3bffadc177"
  integrity sha512-ulqfr9UvazGcuqfjNjPSlecCZ9CUzLVM7+7VmfdJgmhF5pPFfYyrUhcVIRgeDDcSlMSwu0QeJN/AeFoR+A92QQ==
  dependencies:
    datatables.net-bs "^1.10.15"
    datatables.net-buttons "1.7.1"
    jquery ">=1.7"

datatables.net-buttons@1.7.1, datatables.net-buttons@^1.1.2:
  version "1.7.1"
  resolved "https://registry.yarnpkg.com/datatables.net-buttons/-/datatables.net-buttons-1.7.1.tgz#b701bda4bf4dd76ebc9238251c62d13c18b2bb34"
  integrity sha512-D2OxZeR18jhSx+l0xcfAJzfUH7l3LHCu0e606fV7+v3hMhphOfljjZYLaiRmGiR9lqO/f5xE/w2a+OtG/QMavw==
  dependencies:
    datatables.net "^1.10.15"
    jquery ">=1.7"

datatables.net-fixedheader-bs@^3.1.1:
  version "3.4.0"
  resolved "https://registry.yarnpkg.com/datatables.net-fixedheader-bs/-/datatables.net-fixedheader-bs-3.4.0.tgz#ffed95e7f8deb14e51776a0171bbe5172f6bd165"
  integrity sha512-qiOPkqW7uy9rkEPsGe1Qu/87W6r9JwGxmDi4+lGmxbhyIshWUfAYtdav7I/IYlOL0/kJI4DzkfDfM/c1NZ/XIA==
  dependencies:
    datatables.net-bs ">=1.13.4"
    datatables.net-fixedheader ">=3.3.2"
    jquery ">=1.7"

datatables.net-fixedheader@>=3.3.2, datatables.net-fixedheader@^3.1.1:
  version "3.4.0"
  resolved "https://registry.yarnpkg.com/datatables.net-fixedheader/-/datatables.net-fixedheader-3.4.0.tgz#f08ce3bd63467aa7c11639c13634ef8219ea4b8f"
  integrity sha512-qglLTqo/T0IJq0Lp7Ca7wEo50T1iqUO2+YeVG4Ddy6ML5f66B7mLZLzP6yy8zXACFjlRGBDEDxD0ato3g6tviA==
  dependencies:
    datatables.net ">=1.13.4"
    jquery ">=1.7"

datatables.net-keytable@^2.1.1:
  version "2.11.0"
  resolved "https://registry.yarnpkg.com/datatables.net-keytable/-/datatables.net-keytable-2.11.0.tgz#1e264c8be1927f017c2636fdcb814ec03af56a82"
  integrity sha512-JPz3r/8Je99vKeoC110GEfOFooQvc86k+lCj1+wnte/+u/68WnaJGvEI8oEa/Vwvzah8q9LJmUzQCziVxbRAYg==
  dependencies:
    datatables.net ">=1.11"
    jquery ">=1.7"

datatables.net-responsive-bs@^2.0.2:
  version "2.5.0"
  resolved "https://registry.yarnpkg.com/datatables.net-responsive-bs/-/datatables.net-responsive-bs-2.5.0.tgz#e1c40a0c2a831972df76ca9a2779d0e2fb986b7b"
  integrity sha512-87Dpzgd99slw9nDzJWES8VWR08Lj0eqF9e1AiTc8EE2xK4gn01tAhPqAy+LDo10+q44d9yyXOSLgpkVSdCoMUg==
  dependencies:
    datatables.net-bs ">=1.13.4"
    datatables.net-responsive ">=2.4.1"
    jquery ">=1.7"

datatables.net-responsive@>=2.4.1, datatables.net-responsive@^2.0.2:
  version "2.5.0"
  resolved "https://registry.yarnpkg.com/datatables.net-responsive/-/datatables.net-responsive-2.5.0.tgz#56919903646648f362f58c25784794fb89effda1"
  integrity sha512-GL7DFiRl5qqrp5ql54Psz92xTGPR0rMcrO3hzNxMfvcfpRGL5zFNTvMpTUh59Erm6u1+KoX+j+Ig1ZD3r0iFsA==
  dependencies:
    datatables.net ">=1.13.4"
    jquery ">=1.7"

datatables.net-scroller-bs@^1.4.1:
  version "1.5.1"
  resolved "https://registry.yarnpkg.com/datatables.net-scroller-bs/-/datatables.net-scroller-bs-1.5.1.tgz#5803987536bcf44e3eb69b6a26fcf76f03f5f6b6"
  integrity sha512-AY/tYXPPa5PtDXP3QYaHGwIgXeE5hLTPW18FGNV/DWYBCPx53eA95scgQsL5RYAZrHqw1j49kih5HzbqlBLSNQ==
  dependencies:
    datatables.net-bs "^1.10.15"
    datatables.net-scroller "1.5.1"
    jquery ">=1.7"

datatables.net-scroller@1.5.1, datatables.net-scroller@^1.4.1:
  version "1.5.1"
  resolved "https://registry.yarnpkg.com/datatables.net-scroller/-/datatables.net-scroller-1.5.1.tgz#6f993db9e1976b425c6d9dfe05efd4ab39327733"
  integrity sha512-aMUarBCREmrSLE0n0NBmOMI55Re+EV4KMpR1rMc2l8jhoE+UQWF1Xe0AYuR4342ybesb1WW8U3RVlLdS6gQCmg==
  dependencies:
    datatables.net "^1.10.15"
    jquery ">=1.7"

datatables.net@1.13.8, datatables.net@>=1.11, datatables.net@>=1.13.4, datatables.net@^1.10.11, datatables.net@^1.10.15:
  version "1.13.8"
  resolved "https://registry.yarnpkg.com/datatables.net/-/datatables.net-1.13.8.tgz#05a2fb5a036b0b65b66d1bb1eae0ba018aaea8a3"
  integrity sha512-2pDamr+GUwPTby2OgriVB9dR9ftFKD2AQyiuCXzZIiG4d9KkKFQ7gqPfNmG7uj9Tc5kDf+rGj86do4LAb/V71g==
  dependencies:
    jquery ">=1.7"

daterangepicker@^3.1.0:
  version "3.1.0"
  resolved "https://registry.yarnpkg.com/daterangepicker/-/daterangepicker-3.1.0.tgz#718d606614331df3e774c9aba82ccd8838d45da1"
  integrity sha512-DxWXvvPq4srWLCqFugqSV+6CBt/CvQ0dnpXhQ3gl0autcIDAruG1PuGG3gC7yPRNytAD1oU1AcUOzaYhOawhTw==
  dependencies:
    jquery ">=1.10"
    moment "^2.9.0"

debug@~4.3.1, debug@~4.3.2:
  version "4.3.4"
  resolved "https://registry.yarnpkg.com/debug/-/debug-4.3.4.tgz#1319f6579357f2338d3337d2cdd4914bb5dcc865"
  integrity sha512-PRWFHuSU3eDtQJPvnNY7Jcket1j0t5OuOsFzPPzsekD52Zl8qUfFIPEiswXqIvHWGVHOgX+7G/vCNNhehwxfkQ==
  dependencies:
    ms "2.1.2"

decimal.js@^10.4.3:
  version "10.4.3"
  resolved "https://registry.yarnpkg.com/decimal.js/-/decimal.js-10.4.3.tgz#1044092884d245d1b7f65725fa4ad4c6f781cc23"
  integrity sha512-VBBaLc1MgL5XpzgIP7ny5Z6Nx3UrRkIViUkPUdtl9aya5amy3De1gsUUSB1g3+3sExYNjCAsAznmukyxCb1GRA==

deep-equal@^2.0.5:
  version "2.2.3"
  resolved "https://registry.yarnpkg.com/deep-equal/-/deep-equal-2.2.3.tgz#af89dafb23a396c7da3e862abc0be27cf51d56e1"
  integrity sha512-ZIwpnevOurS8bpT4192sqAowWM76JDKSHYzMLty3BZGSswgq6pBaH3DhCSW5xVAZICZyKdOBPjwww5wfgT/6PA==
  dependencies:
    array-buffer-byte-length "^1.0.0"
    call-bind "^1.0.5"
    es-get-iterator "^1.1.3"
    get-intrinsic "^1.2.2"
    is-arguments "^1.1.1"
    is-array-buffer "^3.0.2"
    is-date-object "^1.0.5"
    is-regex "^1.1.4"
    is-shared-array-buffer "^1.0.2"
    isarray "^2.0.5"
    object-is "^1.1.5"
    object-keys "^1.1.1"
    object.assign "^4.1.4"
    regexp.prototype.flags "^1.5.1"
    side-channel "^1.0.4"
    which-boxed-primitive "^1.0.2"
    which-collection "^1.0.1"
    which-typed-array "^1.1.13"

define-data-property@^1.0.1, define-data-property@^1.1.1:
  version "1.1.1"
  resolved "https://registry.yarnpkg.com/define-data-property/-/define-data-property-1.1.1.tgz#c35f7cd0ab09883480d12ac5cb213715587800b3"
  integrity sha512-E7uGkTzkk1d0ByLeSc6ZsFS79Axg+m1P/VsgYsxHgiuc3tFSj+MjMIwe90FC4lOAZzNBdY7kkO2P2wKdsQ1vgQ==
  dependencies:
    get-intrinsic "^1.2.1"
    gopd "^1.0.1"
    has-property-descriptors "^1.0.0"

define-properties@^1.1.3, define-properties@^1.1.4, define-properties@^1.2.0:
  version "1.2.1"
  resolved "https://registry.yarnpkg.com/define-properties/-/define-properties-1.2.1.tgz#10781cc616eb951a80a034bafcaa7377f6af2b6c"
  integrity sha512-8QmQKqEASLd5nx0U1B1okLElbUuuttJ/AnYmRXbbbGDWh6uS208EjD4Xqq/I9wK7u0v6O08XhTWnt5XtEbR6Dg==
  dependencies:
    define-data-property "^1.0.1"
    has-property-descriptors "^1.0.0"
    object-keys "^1.1.1"

dfa@^1.2.0:
  version "1.2.0"
  resolved "https://registry.yarnpkg.com/dfa/-/dfa-1.2.0.tgz#96ac3204e2d29c49ea5b57af8d92c2ae12790657"
  integrity sha512-ED3jP8saaweFTjeGX8HQPjeC1YYyZs98jGNZx6IiBvxW7JG5v492kamAQB3m2wop07CvU/RQmzcKr6bgcC5D/Q==

echarts@^5.4.2:
  version "5.4.2"
  resolved "https://registry.yarnpkg.com/echarts/-/echarts-5.4.2.tgz#9f38781c9c6ae323e896956178f6956952c77a48"
  integrity sha512-2W3vw3oI2tWJdyAz+b8DuWS0nfXtSDqlDmqgin/lfzbkB01cuMEN66KWBlmur3YMp5nEDEEt5s23pllnAzB4EA==
  dependencies:
    tslib "2.3.0"
    zrender "5.4.3"

engine.io-parser@~5.2.1:
  version "5.2.1"
  resolved "https://registry.yarnpkg.com/engine.io-parser/-/engine.io-parser-5.2.1.tgz#9f213c77512ff1a6cc0c7a86108a7ffceb16fcfb"
  integrity sha512-9JktcM3u18nU9N2Lz3bWeBgxVgOKpw7yhRaoxQA3FUDZzzw+9WlA6p4G4u0RixNkg14fH7EfEc/RhpurtiROTQ==

engine.io@~6.5.2:
  version "6.5.3"
  resolved "https://registry.yarnpkg.com/engine.io/-/engine.io-6.5.3.tgz#80b0692912cef3a417e1b7433301d6397bf0374b"
  integrity sha512-IML/R4eG/pUS5w7OfcDE0jKrljWS9nwnEfsxWCIJF5eO6AHo6+Hlv+lQbdlAYsiJPHzUthLm1RUjnBzWOs45cw==
  dependencies:
    "@types/cookie" "^0.4.1"
    "@types/cors" "^2.8.12"
    "@types/node" ">=10.0.0"
    accepts "~1.3.4"
    base64id "2.0.0"
    cookie "~0.4.1"
    cors "~2.8.5"
    debug "~4.3.1"
    engine.io-parser "~5.2.1"
    ws "~8.11.0"

es-get-iterator@^1.1.3:
  version "1.1.3"
  resolved "https://registry.yarnpkg.com/es-get-iterator/-/es-get-iterator-1.1.3.tgz#3ef87523c5d464d41084b2c3c9c214f1199763d6"
  integrity sha512-sPZmqHBe6JIiTfN5q2pEi//TwxmAFHwj/XEuYjTuse78i8KxaqMTTzxPoFKuzRpDpTJ+0NAbpfenkmH2rePtuw==
  dependencies:
    call-bind "^1.0.2"
    get-intrinsic "^1.1.3"
    has-symbols "^1.0.3"
    is-arguments "^1.1.1"
    is-map "^2.0.2"
    is-set "^2.0.2"
    is-string "^1.0.7"
    isarray "^2.0.5"
    stop-iteration-iterator "^1.0.0"

escape-latex@^1.2.0:
  version "1.2.0"
  resolved "https://registry.yarnpkg.com/escape-latex/-/escape-latex-1.2.0.tgz#07c03818cf7dac250cce517f4fda1b001ef2bca1"
  integrity sha512-nV5aVWW1K0wEiUIEdZ4erkGGH8mDxGyxSeqPzRNtWP7ataw+/olFObw7hujFWlVjNsaDFw5VZ5NzVSIqRgfTiw==

font-awesome@^4.6.1:
  version "4.7.0"
  resolved "https://registry.yarnpkg.com/font-awesome/-/font-awesome-4.7.0.tgz#8fa8cf0411a1a31afd07b06d2902bb9fc815a133"
  integrity sha512-U6kGnykA/6bFmg1M/oT9EkFeIYv7JlX3bozwQJWiiLz6L0w3F5vBVPxHlwyX/vtNq1ckcpRKOB9f2Qal/VtFpg==

fontkit@^1.8.1:
  version "1.9.0"
  resolved "https://registry.yarnpkg.com/fontkit/-/fontkit-1.9.0.tgz#95729cc9f24995fb068ea53aea2f1f193e323f2b"
  integrity sha512-HkW/8Lrk8jl18kzQHvAw9aTHe1cqsyx5sDnxncx652+CIfhawokEPkeM3BoIC+z/Xv7a0yMr0f3pRRwhGH455g==
  dependencies:
    "@swc/helpers" "^0.3.13"
    brotli "^1.3.2"
    clone "^2.1.2"
    deep-equal "^2.0.5"
    dfa "^1.2.0"
    restructure "^2.0.1"
    tiny-inflate "^1.0.3"
    unicode-properties "^1.3.1"
    unicode-trie "^2.0.0"

for-each@^0.3.3:
  version "0.3.3"
  resolved "https://registry.yarnpkg.com/for-each/-/for-each-0.3.3.tgz#69b447e88a0a5d32c3e7084f3f1710034b21376e"
  integrity sha512-jqYfLp7mo9vIyQf8ykW2v7A+2N4QjeCeI5+Dz9XraiO1ign81wjiH7Fb9vSOWvQfNtmSa4H2RoQTrrXivdUZmw==
  dependencies:
    is-callable "^1.1.3"

fraction.js@^4.2.0:
  version "4.2.0"
  resolved "https://registry.yarnpkg.com/fraction.js/-/fraction.js-4.2.0.tgz#448e5109a313a3527f5a3ab2119ec4cf0e0e2950"
  integrity sha512-MhLuK+2gUcnZe8ZHlaaINnQLl0xRIGRfcGk2yl8xoQAfHrSsL3rYu6FCmBdkdbhc9EPlwyGHewaRsvwRMJtAlA==

fullcalendar@^2.6.1:
  version "2.9.1"
  resolved "https://registry.yarnpkg.com/fullcalendar/-/fullcalendar-2.9.1.tgz#dd2a84469b627749e47c5dd9fd71f56146e0651b"
  integrity sha512-S8SiuaNwkk14oHFF6lJvENsEaOnIPgrQ9wI7U+2i7ObDolcP51tPugw0ZMrk+GKz2XpJc+z8BQZI4gMBmgt67w==
  dependencies:
    jquery ">=1.7.1"
    moment ">=2.5.0"

function-bind@^1.1.2:
  version "1.1.2"
  resolved "https://registry.yarnpkg.com/function-bind/-/function-bind-1.1.2.tgz#2c02d864d97f3ea6c8830c464cbd11ab6eab7a1c"
  integrity sha512-7XHNxH7qX9xG5mIwxkhumTox/MIRNcOgDrxWsMt2pAr23WHp6MrRlN7FBSFpCpr+oVO0F744iUgR82nJMfG2SA==

functions-have-names@^1.2.3:
  version "1.2.3"
  resolved "https://registry.yarnpkg.com/functions-have-names/-/functions-have-names-1.2.3.tgz#0404fe4ee2ba2f607f0e0ec3c80bae994133b834"
  integrity sha512-xckBUXyTIqT97tq2x2AMb+g163b5JFysYk0x4qxNFwbfQkmNZoiRHb6sPzI9/QV33WeuvVYBUIiD4NzNIyqaRQ==

get-intrinsic@^1.0.2, get-intrinsic@^1.1.1, get-intrinsic@^1.1.3, get-intrinsic@^1.2.0, get-intrinsic@^1.2.1, get-intrinsic@^1.2.2:
  version "1.2.2"
  resolved "https://registry.yarnpkg.com/get-intrinsic/-/get-intrinsic-1.2.2.tgz#281b7622971123e1ef4b3c90fd7539306da93f3b"
  integrity sha512-0gSo4ml/0j98Y3lngkFEot/zhiCeWsbYIlZ+uZOVgzLyLaUw7wxUL+nCTP0XJvJg1AXulJRI3UJi8GsbDuxdGA==
  dependencies:
    function-bind "^1.1.2"
    has-proto "^1.0.1"
    has-symbols "^1.0.3"
    hasown "^2.0.0"

gopd@^1.0.1:
  version "1.0.1"
  resolved "https://registry.yarnpkg.com/gopd/-/gopd-1.0.1.tgz#29ff76de69dac7489b7c0918a5788e56477c332c"
  integrity sha512-d65bNlIadxvpb/A2abVdlqKqV563juRnZ1Wtk6s1sIR8uNsXR70xqIzVqxVf1eTqDunwT2MkczEeaezCKTZhwA==
  dependencies:
    get-intrinsic "^1.1.3"

has-bigints@^1.0.1:
  version "1.0.2"
  resolved "https://registry.yarnpkg.com/has-bigints/-/has-bigints-1.0.2.tgz#0871bd3e3d51626f6ca0966668ba35d5602d6eaa"
  integrity sha512-tSvCKtBr9lkF0Ex0aQiP9N+OpV4zi2r/Nee5VkRDbaqv35RLYMzbwQfFSZZH0kR+Rd6302UJZ2p/bJCEoR3VoQ==

has-property-descriptors@^1.0.0:
  version "1.0.1"
  resolved "https://registry.yarnpkg.com/has-property-descriptors/-/has-property-descriptors-1.0.1.tgz#52ba30b6c5ec87fd89fa574bc1c39125c6f65340"
  integrity sha512-VsX8eaIewvas0xnvinAe9bw4WfIeODpGYikiWYLH+dma0Jw6KHYqWiWfhQlgOVK8D6PvjubK5Uc4P0iIhIcNVg==
  dependencies:
    get-intrinsic "^1.2.2"

has-proto@^1.0.1:
  version "1.0.1"
  resolved "https://registry.yarnpkg.com/has-proto/-/has-proto-1.0.1.tgz#1885c1305538958aff469fef37937c22795408e0"
  integrity sha512-7qE+iP+O+bgF9clE5+UoBFzE65mlBiVj3tKCrlNQ0Ogwm0BjpT/gK4SlLYDMybDh5I3TCTKnPPa0oMG7JDYrhg==

has-symbols@^1.0.2, has-symbols@^1.0.3:
  version "1.0.3"
  resolved "https://registry.yarnpkg.com/has-symbols/-/has-symbols-1.0.3.tgz#bb7b2c4349251dce87b125f7bdf874aa7c8b39f8"
  integrity sha512-l3LCuF6MgDNwTDKkdYGEihYjt5pRPbEg46rtlmnSPlUbgmB8LOIrKJbYYFBSbnPaJexMKtiPO8hmeRjRz2Td+A==

has-tostringtag@^1.0.0:
  version "1.0.0"
  resolved "https://registry.yarnpkg.com/has-tostringtag/-/has-tostringtag-1.0.0.tgz#7e133818a7d394734f941e73c3d3f9291e658b25"
  integrity sha512-kFjcSNhnlGV1kyoGk7OXKSawH5JOb/LzUc5w9B02hOTO0dfFRjbHQKvg1d6cf3HbeUmtU9VbbV3qzZ2Teh97WQ==
  dependencies:
    has-symbols "^1.0.2"

hasown@^2.0.0:
  version "2.0.0"
  resolved "https://registry.yarnpkg.com/hasown/-/hasown-2.0.0.tgz#f4c513d454a57b7c7e1650778de226b11700546c"
  integrity sha512-vUptKVTpIJhcczKBbgnS+RtcuYMB8+oNzPK2/Hp3hanz8JmpATdmmgLgSaadVREkDm+e2giHwY3ZRkyjSIDDFA==
  dependencies:
    function-bind "^1.1.2"

icheck@^1.0.2:
  version "1.0.2"
  resolved "https://registry.yarnpkg.com/icheck/-/icheck-1.0.2.tgz#06d08da3d47ae448c153b2639b86e9ad7fdf7128"
  integrity sha512-1oDqj9ikiH4csFWKZnfbD1S9IY/MqzEt4cir6PIfkT84D/8QYaAZFrplXoyz5eaATmaoawY3KMTkMAO+fP4wGg==

iconv-lite@^0.6.2:
  version "0.6.3"
  resolved "https://registry.yarnpkg.com/iconv-lite/-/iconv-lite-0.6.3.tgz#a52f80bf38da1952eb5c681790719871a1a72501"
  integrity sha512-4fCk79wshMdzMp2rH06qWrJE4iolqLhCUH+OiuIgU++RB0+94NlDL81atO7GX55uUKueo0txHNtvEyI6D7WdMw==
  dependencies:
    safer-buffer ">= 2.1.2 < 3.0.0"

internal-slot@^1.0.4:
  version "1.0.6"
  resolved "https://registry.yarnpkg.com/internal-slot/-/internal-slot-1.0.6.tgz#37e756098c4911c5e912b8edbf71ed3aa116f930"
  integrity sha512-Xj6dv+PsbtwyPpEflsejS+oIZxmMlV44zAhG479uYu89MsjcYOhCFnNyKrkJrihbsiasQyY0afoCl/9BLR65bg==
  dependencies:
    get-intrinsic "^1.2.2"
    hasown "^2.0.0"
    side-channel "^1.0.4"

is-arguments@^1.1.1:
  version "1.1.1"
  resolved "https://registry.yarnpkg.com/is-arguments/-/is-arguments-1.1.1.tgz#15b3f88fda01f2a97fec84ca761a560f123efa9b"
  integrity sha512-8Q7EARjzEnKpt/PCD7e1cgUS0a6X8u5tdSiMqXhojOdoV9TsMsiO+9VLC5vAmO8N7/GmXn7yjR8qnA6bVAEzfA==
  dependencies:
    call-bind "^1.0.2"
    has-tostringtag "^1.0.0"

is-array-buffer@^3.0.1, is-array-buffer@^3.0.2:
  version "3.0.2"
  resolved "https://registry.yarnpkg.com/is-array-buffer/-/is-array-buffer-3.0.2.tgz#f2653ced8412081638ecb0ebbd0c41c6e0aecbbe"
  integrity sha512-y+FyyR/w8vfIRq4eQcM1EYgSTnmHXPqaF+IgzgraytCFq5Xh8lllDVmAZolPJiZttZLeFSINPYMaEJ7/vWUa1w==
  dependencies:
    call-bind "^1.0.2"
    get-intrinsic "^1.2.0"
    is-typed-array "^1.1.10"

is-bigint@^1.0.1:
  version "1.0.4"
  resolved "https://registry.yarnpkg.com/is-bigint/-/is-bigint-1.0.4.tgz#08147a1875bc2b32005d41ccd8291dffc6691df3"
  integrity sha512-zB9CruMamjym81i2JZ3UMn54PKGsQzsJeo6xvN3HJJ4CAsQNB6iRutp2To77OfCNuoxspsIhzaPoO1zyCEhFOg==
  dependencies:
    has-bigints "^1.0.1"

is-boolean-object@^1.1.0:
  version "1.1.2"
  resolved "https://registry.yarnpkg.com/is-boolean-object/-/is-boolean-object-1.1.2.tgz#5c6dc200246dd9321ae4b885a114bb1f75f63719"
  integrity sha512-gDYaKHJmnj4aWxyj6YHyXVpdQawtVLHU5cb+eztPGczf6cjuTdwve5ZIEfgXqH4e57An1D1AKf8CZ3kYrQRqYA==
  dependencies:
    call-bind "^1.0.2"
    has-tostringtag "^1.0.0"

is-callable@^1.1.3:
  version "1.2.7"
  resolved "https://registry.yarnpkg.com/is-callable/-/is-callable-1.2.7.tgz#3bc2a85ea742d9e36205dcacdd72ca1fdc51b055"
  integrity sha512-1BC0BVFhS/p0qtw6enp8e+8OD0UrK0oFLztSjNzhcKA3WDuJxxAPXzPuPtKkjEY9UUoEWlX/8fgKeu2S8i9JTA==

is-date-object@^1.0.5:
  version "1.0.5"
  resolved "https://registry.yarnpkg.com/is-date-object/-/is-date-object-1.0.5.tgz#0841d5536e724c25597bf6ea62e1bd38298df31f"
  integrity sha512-9YQaSxsAiSwcvS33MBk3wTCVnWK+HhF8VZR2jRxehM16QcVOdHqPn4VPHmRK4lSr38n9JriurInLcP90xsYNfQ==
  dependencies:
    has-tostringtag "^1.0.0"

is-map@^2.0.1, is-map@^2.0.2:
  version "2.0.2"
  resolved "https://registry.yarnpkg.com/is-map/-/is-map-2.0.2.tgz#00922db8c9bf73e81b7a335827bc2a43f2b91127"
  integrity sha512-cOZFQQozTha1f4MxLFzlgKYPTyj26picdZTx82hbc/Xf4K/tZOOXSCkMvU4pKioRXGDLJRn0GM7Upe7kR721yg==

is-number-object@^1.0.4:
  version "1.0.7"
  resolved "https://registry.yarnpkg.com/is-number-object/-/is-number-object-1.0.7.tgz#59d50ada4c45251784e9904f5246c742f07a42fc"
  integrity sha512-k1U0IRzLMo7ZlYIfzRu23Oh6MiIFasgpb9X76eqfFZAqwH44UI4KTBvBYIZ1dSL9ZzChTB9ShHfLkR4pdW5krQ==
  dependencies:
    has-tostringtag "^1.0.0"

is-regex@^1.1.4:
  version "1.1.4"
  resolved "https://registry.yarnpkg.com/is-regex/-/is-regex-1.1.4.tgz#eef5663cd59fa4c0ae339505323df6854bb15958"
  integrity sha512-kvRdxDsxZjhzUX07ZnLydzS1TU/TJlTUHHY4YLL87e37oUA49DfkLqgy+VjFocowy29cKvcSiu+kIv728jTTVg==
  dependencies:
    call-bind "^1.0.2"
    has-tostringtag "^1.0.0"

is-set@^2.0.1, is-set@^2.0.2:
  version "2.0.2"
  resolved "https://registry.yarnpkg.com/is-set/-/is-set-2.0.2.tgz#90755fa4c2562dc1c5d4024760d6119b94ca18ec"
  integrity sha512-+2cnTEZeY5z/iXGbLhPrOAaK/Mau5k5eXq9j14CpRTftq0pAJu2MwVRSZhyZWBzx3o6X795Lz6Bpb6R0GKf37g==

is-shared-array-buffer@^1.0.2:
  version "1.0.2"
  resolved "https://registry.yarnpkg.com/is-shared-array-buffer/-/is-shared-array-buffer-1.0.2.tgz#8f259c573b60b6a32d4058a1a07430c0a7344c79"
  integrity sha512-sqN2UDu1/0y6uvXyStCOzyhAjCSlHceFoMKJW8W9EU9cvic/QdsZ0kEU93HEy3IUEFZIiH/3w+AH/UQbPHNdhA==
  dependencies:
    call-bind "^1.0.2"

is-string@^1.0.5, is-string@^1.0.7:
  version "1.0.7"
  resolved "https://registry.yarnpkg.com/is-string/-/is-string-1.0.7.tgz#0dd12bf2006f255bb58f695110eff7491eebc0fd"
  integrity sha512-tE2UXzivje6ofPW7l23cjDOMa09gb7xlAqG6jG5ej6uPV32TlWP3NKPigtaGeHNu9fohccRYvIiZMfOOnOYUtg==
  dependencies:
    has-tostringtag "^1.0.0"

is-symbol@^1.0.3:
  version "1.0.4"
  resolved "https://registry.yarnpkg.com/is-symbol/-/is-symbol-1.0.4.tgz#a6dac93b635b063ca6872236de88910a57af139c"
  integrity sha512-C/CPBqKWnvdcxqIARxyOh4v1UUEOCHpgDa0WYgpKDFMszcrPcffg5uhwSgPCLD2WWxmq6isisz87tzT01tuGhg==
  dependencies:
    has-symbols "^1.0.2"

is-typed-array@^1.1.10:
  version "1.1.12"
  resolved "https://registry.yarnpkg.com/is-typed-array/-/is-typed-array-1.1.12.tgz#d0bab5686ef4a76f7a73097b95470ab199c57d4a"
  integrity sha512-Z14TF2JNG8Lss5/HMqt0//T9JeHXttXy5pH/DBU4vi98ozO2btxzq9MwYDZYnKwU8nRsz/+GVFVRDq3DkVuSPg==
  dependencies:
    which-typed-array "^1.1.11"

is-weakmap@^2.0.1:
  version "2.0.1"
  resolved "https://registry.yarnpkg.com/is-weakmap/-/is-weakmap-2.0.1.tgz#5008b59bdc43b698201d18f62b37b2ca243e8cf2"
  integrity sha512-NSBR4kH5oVj1Uwvv970ruUkCV7O1mzgVFO4/rev2cLRda9Tm9HrL70ZPut4rOHgY0FNrUu9BCbXA2sdQ+x0chA==

is-weakset@^2.0.1:
  version "2.0.2"
  resolved "https://registry.yarnpkg.com/is-weakset/-/is-weakset-2.0.2.tgz#4569d67a747a1ce5a994dfd4ef6dcea76e7c0a1d"
  integrity sha512-t2yVvttHkQktwnNNmBQ98AhENLdPUTDTE21uPqAQ0ARwQfGeQKRVS0NNurH7bTf7RrvcVn1OOge45CnBeHCSmg==
  dependencies:
    call-bind "^1.0.2"
    get-intrinsic "^1.1.1"

isarray@^2.0.5:
  version "2.0.5"
  resolved "https://registry.yarnpkg.com/isarray/-/isarray-2.0.5.tgz#8af1e4c1221244cc62459faf38940d4e644a5723"
  integrity sha512-xHjhDr3cNBK0BzdUJSPXZntQUx/mwMS5Rw4A7lPJ90XGAO6ISP/ePDNuo0vhqOZU+UD5JoodwCAAoZQd3FeAKw==

javascript-natural-sort@^0.7.1:
  version "0.7.1"
  resolved "https://registry.yarnpkg.com/javascript-natural-sort/-/javascript-natural-sort-0.7.1.tgz#f9e2303d4507f6d74355a73664d1440fb5a0ef59"
  integrity sha512-nO6jcEfZWQXDhOiBtG2KvKyEptz7RVbpGP4vTD2hLBdmNQSsCiicO2Ioinv6UI4y9ukqnBpy+XZ9H6uLNgJTlw==

jquery.fancytree@^2.38.3:
  version "2.38.3"
  resolved "https://registry.yarnpkg.com/jquery.fancytree/-/jquery.fancytree-2.38.3.tgz#20ffee0ee07ffdb99621ce0c7305a82f67c0c2f1"
  integrity sha512-C3CJcp4sPThy497YBXZNrDSVn/B34sv6kB+toC8gfHrPvJWgYkL3NSMovBxXo6fN6yXUnvWhWaON/ejG3Nsxdg==

jquery@>=1.10, jquery@>=1.6.0, jquery@>=1.7, jquery@>=1.7.1, jquery@>=1.8.0:
  version "3.7.1"
  resolved "https://registry.yarnpkg.com/jquery/-/jquery-3.7.1.tgz#083ef98927c9a6a74d05a6af02806566d16274de"
  integrity sha512-m4avr8yL8kmFN8psrbFFFmB/If14iN5o9nw/NgnnM+kybDJpRsAynV2BsfpTYrTRysYUdADVD7CkUUizgkpLfg==

jquery@^2.2.3:
  version "2.2.4"
  resolved "https://registry.yarnpkg.com/jquery/-/jquery-2.2.4.tgz#2c89d6889b5eac522a7eea32c14521559c6cbf02"
  integrity sha512-lBHj60ezci2u1v2FqnZIraShGgEXq35qCzMv4lITyHGppTnA13rwR0MgwyNJh9TnDs3aXUvd1xjAotfraMHX/Q==

jszip@Stuk/jszip#v2.6.0:
  version "2.6.0"
  resolved "https://codeload.github.com/Stuk/jszip/tar.gz/8f190955e9328b768d7fc4f2770234fd53c407a7"
  dependencies:
    pako "~1.0.0"

linebreak@^1.0.2:
  version "1.1.0"
  resolved "https://registry.yarnpkg.com/linebreak/-/linebreak-1.1.0.tgz#831cf378d98bced381d8ab118f852bd50d81e46b"
  integrity sha512-MHp03UImeVhB7XZtjd0E4n6+3xr5Dq/9xI/5FptGk5FrbDR3zagPa2DS6U8ks/3HjbKWG9Q1M2ufOzxV2qLYSQ==
  dependencies:
    base64-js "0.0.8"
    unicode-trie "^2.0.0"

mathjs@^11.8.1:
  version "11.8.1"
  resolved "https://registry.yarnpkg.com/mathjs/-/mathjs-11.8.1.tgz#01e19c17d202ac33343a5ed9237cec6f1eda4d15"
  integrity sha512-SHW5fqQXTHd4VqkKEtjQV16d/3fLUfna0VeW8Zd//dNWWLxHarEvXIqSs3vWCSPYc86l1r6yPcKvez8ZVLsoTg==
  dependencies:
    "@babel/runtime" "^7.22.5"
    complex.js "^2.1.1"
    decimal.js "^10.4.3"
    escape-latex "^1.2.0"
    fraction.js "^4.2.0"
    javascript-natural-sort "^0.7.1"
    seedrandom "^3.0.5"
    tiny-emitter "^2.1.0"
    typed-function "^4.1.0"

mime-db@1.52.0:
  version "1.52.0"
  resolved "https://registry.yarnpkg.com/mime-db/-/mime-db-1.52.0.tgz#bbabcdc02859f4987301c856e3387ce5ec43bf70"
  integrity sha512-sPU4uV7dYlvtWJxwwxHD0PuihVNiE7TyAbQ5SWxDCB9mUYvOgroQOwYQQOKPJ8CIbE+1ETVlOoK1UC2nU3gYvg==

mime-types@~2.1.34:
  version "2.1.35"
  resolved "https://registry.yarnpkg.com/mime-types/-/mime-types-2.1.35.tgz#381a871b62a734450660ae3deee44813f70d959a"
  integrity sha512-ZDY+bPm5zTTF+YpCrAU9nK0UgICYPT0QtT1NZWFv4s++TNkcgVaT0g6+4R2uI4MjQjzysHB1zxuWL50hzaeXiw==
  dependencies:
    mime-db "1.52.0"

moment@>=2.5.0, moment@^2.9.0:
  version "2.29.4"
  resolved "https://registry.yarnpkg.com/moment/-/moment-2.29.4.tgz#3dbe052889fe7c1b2ed966fcb3a77328964ef108"
  integrity sha512-5LC9SOxjSc2HF6vO2CyuTDNivEdoz2IvyJJGj6X8DJ0eFyfszE0QiEd+iXmBvUP3WHxSjFH/vIsA0EN00cgr8w==

ms@2.1.2:
  version "2.1.2"
  resolved "https://registry.yarnpkg.com/ms/-/ms-2.1.2.tgz#d09d1f357b443f493382a8eb3ccd183872ae6009"
  integrity sha512-sGkPx+VjMtmA6MX27oA4FBFELFCZZ4S4XqeGOXCv68tT+jb3vk/RyaKWP0PTKyWtmLSM0b+adUTEvbs1PEaH2w==

negotiator@0.6.3:
  version "0.6.3"
  resolved "https://registry.yarnpkg.com/negotiator/-/negotiator-0.6.3.tgz#58e323a72fedc0d6f9cd4d31fe49f51479590ccd"
  integrity sha512-+EUsqGPLsM+j/zdChZjsnX51g4XrHFOIXwfnCVPGlQk/k5giakcKsuxCObBRu6DSm9opw/O6slWbJdghQM4bBg==

nprogress@^0.2.0:
  version "0.2.0"
  resolved "https://registry.yarnpkg.com/nprogress/-/nprogress-0.2.0.tgz#cb8f34c53213d895723fcbab907e9422adbcafb1"
  integrity sha512-I19aIingLgR1fmhftnbWWO3dXc0hSxqHQHQb3H8m+K3TnEn/iSeTZZOyvKXWqQESMwuUVnatlCnZdLBZZt2VSA==

object-assign@^4:
  version "4.1.1"
  resolved "https://registry.yarnpkg.com/object-assign/-/object-assign-4.1.1.tgz#2109adc7965887cfc05cbbd442cac8bfbb360863"
  integrity sha512-rJgTQnkUnH1sFw8yT6VSU3zD3sWmu6sZhIseY8VX+GRu3P6F7Fu+JNDoXfklElbLJSnc3FUQHVe4cU5hj+BcUg==

object-inspect@^1.9.0:
  version "1.13.1"
  resolved "https://registry.yarnpkg.com/object-inspect/-/object-inspect-1.13.1.tgz#b96c6109324ccfef6b12216a956ca4dc2ff94bc2"
  integrity sha512-5qoj1RUiKOMsCCNLV1CBiPYE10sziTsnmNxkAI/rZhiD63CF7IqdFGC/XzjWjpSgLf0LxXX3bDFIh0E18f6UhQ==

object-is@^1.1.5:
  version "1.1.5"
  resolved "https://registry.yarnpkg.com/object-is/-/object-is-1.1.5.tgz#b9deeaa5fc7f1846a0faecdceec138e5778f53ac"
  integrity sha512-3cyDsyHgtmi7I7DfSSI2LDp6SK2lwvtbg0p0R1e0RvTqF5ceGx+K2dfSjm1bKDMVCFEDAQvy+o8c6a7VujOddw==
  dependencies:
    call-bind "^1.0.2"
    define-properties "^1.1.3"

object-keys@^1.1.1:
  version "1.1.1"
  resolved "https://registry.yarnpkg.com/object-keys/-/object-keys-1.1.1.tgz#1c47f272df277f3b1daf061677d9c82e2322c60e"
  integrity sha512-NuAESUOUMrlIXOfHKzD6bpPu3tYt3xvjNdRIQ+FeT0lNb4K8WR70CaDxhuNguS2XG+GjkyMwOzsN5ZktImfhLA==

object.assign@^4.1.4:
  version "4.1.4"
  resolved "https://registry.yarnpkg.com/object.assign/-/object.assign-4.1.4.tgz#9673c7c7c351ab8c4d0b516f4343ebf4dfb7799f"
  integrity sha512-1mxKf0e58bvyjSCtKYY4sRe9itRk3PJpquJOjeIkz885CczcI4IvJJDLPS72oowuSh+pBxUFROpX+TU++hxhZQ==
  dependencies:
    call-bind "^1.0.2"
    define-properties "^1.1.4"
    has-symbols "^1.0.3"
    object-keys "^1.1.1"

pako@^0.2.5:
  version "0.2.9"
  resolved "https://registry.yarnpkg.com/pako/-/pako-0.2.9.tgz#f3f7522f4ef782348da8161bad9ecfd51bf83a75"
  integrity sha512-NUcwaKxUxWrZLpDG+z/xZaCgQITkA/Dv4V/T6bw7VON6l1Xz/VnrBqrYjZQ12TamKHzITTfOEIYUj48y2KXImA==

pako@~1.0.0:
  version "1.0.11"
  resolved "https://registry.yarnpkg.com/pako/-/pako-1.0.11.tgz#6c9599d340d54dfd3946380252a35705a6b992bf"
  integrity sha512-4hLB8Py4zZce5s4yd9XzopqwVv/yGNhV1Bl8NTmCq1763HeK2+EwVTv+leGeL13Dnh2wfbqowVPXCIO0z4taYw==

parsleyjs@^2.3.10:
  version "2.9.2"
  resolved "https://registry.yarnpkg.com/parsleyjs/-/parsleyjs-2.9.2.tgz#67c96961d371821f2623965fa2cc81a4522874cb"
  integrity sha512-DKS2XXTjEUZ1BJWUzgXAr+550kFBZrom2WYweubqdV7WzdNC1hjOajZDfeBPoAZMkXumJPlB3v37IKatbiW8zQ==
  dependencies:
    jquery ">=1.8.0"

pdfkit@>=0.8.1:
  version "0.14.0"
  resolved "https://registry.yarnpkg.com/pdfkit/-/pdfkit-0.14.0.tgz#1416633d48b1271b8059e7f0f7675635fd42a53e"
  integrity sha512-Hnor8/78jhHm6ONrxWhrqOwAVALlBnFyWOF8sstBZMiqHZgZ5A6RU+Q3yahhw82plxpT7LOfH3b3qcOX6rzMQg==
  dependencies:
    crypto-js "^4.2.0"
    fontkit "^1.8.1"
    linebreak "^1.0.2"
    png-js "^1.0.0"

pdfkit@^0.12.0:
  version "0.12.3"
  resolved "https://registry.yarnpkg.com/pdfkit/-/pdfkit-0.12.3.tgz#527da4a4bad9a6b456a6939037d63d5ff9306302"
  integrity sha512-+qDLgm2yq6WOKcxTb43lDeo3EtMIDQs0CK1RNqhHC9iT6u0KOmgwAClkYh9xFw2ATbmUZzt4f7KMwDCOfPDluA==
  dependencies:
    crypto-js "^4.0.0"
    fontkit "^1.8.1"
    linebreak "^1.0.2"
    png-js "^1.0.0"

pdfmake@^0.1.20:
  version "0.1.72"
  resolved "https://registry.yarnpkg.com/pdfmake/-/pdfmake-0.1.72.tgz#b5ef0057e40e7a22b23a19aaf0be35ada902a3bf"
  integrity sha512-xZrPS+Safjf1I8ZYtMoXX83E6C6Pd1zFwa168yNTeeJWHclqf1z9DoYajjlY2uviN7gGyxwVZeou39uSk1oh1g==
  dependencies:
    iconv-lite "^0.6.2"
    linebreak "^1.0.2"
    pdfkit "^0.12.0"
    svg-to-pdfkit "^0.1.8"
    xmldoc "^1.1.2"

png-js@^1.0.0:
  version "1.0.0"
  resolved "https://registry.yarnpkg.com/png-js/-/png-js-1.0.0.tgz#e5484f1e8156996e383aceebb3789fd75df1874d"
  integrity sha512-k+YsbhpA9e+EFfKjTCH3VW6aoKlyNYI6NYdTfDL4CIvFnvsuO84ttonmZE7rc+v23SLTH8XX+5w/Ak9v0xGY4g==

pnotify@^3.0.0:
  version "3.2.1"
  resolved "https://registry.yarnpkg.com/pnotify/-/pnotify-3.2.1.tgz#eb68fb57fd1835764f23253235c1e973c456eb19"
  integrity sha512-SC1Ey++5TAn3K1khjmGg0YBt0mdE5ygtQYodzczOLoQ9gImpuRzye0fWqbbodfj/C1UZvnU96Yt6pMJpNzYhpA==
  dependencies:
    jquery ">=1.6.0"

regenerator-runtime@^0.13.11:
  version "0.13.11"
  resolved "https://registry.yarnpkg.com/regenerator-runtime/-/regenerator-runtime-0.13.11.tgz#f6dca3e7ceec20590d07ada785636a90cdca17f9"
  integrity sha512-kY1AZVr2Ra+t+piVaJ4gxaFaReZVH40AKNo7UCX6W+dEwBo/2oZJzqfuN1qLq1oL45o56cPaTXELwrTh8Fpggg==

regexp.prototype.flags@^1.5.1:
  version "1.5.1"
  resolved "https://registry.yarnpkg.com/regexp.prototype.flags/-/regexp.prototype.flags-1.5.1.tgz#90ce989138db209f81492edd734183ce99f9677e"
  integrity sha512-sy6TXMN+hnP/wMy+ISxg3krXx7BAtWVO4UouuCN/ziM9UEne0euamVNafDfvC83bRNr95y0V5iijeDQFUNpvrg==
  dependencies:
    call-bind "^1.0.2"
    define-properties "^1.2.0"
    set-function-name "^2.0.0"

restructure@^2.0.1:
  version "2.0.1"
  resolved "https://registry.yarnpkg.com/restructure/-/restructure-2.0.1.tgz#4199745466cfc9bb9e1647746a4c902b7b0049d1"
  integrity sha512-e0dOpjm5DseomnXx2M5lpdZ5zoHqF1+bqdMJUohoYVVQa7cBdnk7fdmeI6byNWP/kiME72EeTiSypTCVnpLiDg==

"safer-buffer@>= 2.1.2 < 3.0.0":
  version "2.1.2"
  resolved "https://registry.yarnpkg.com/safer-buffer/-/safer-buffer-2.1.2.tgz#44fa161b0187b9549dd84bb91802f9bd8385cd6a"
  integrity sha512-YZo3K82SD7Riyi0E1EQPojLz7kpepnSQI9IyPbHHg1XXXevb5dJI7tpyN2ADxGcQbHG7vcyRHk0cbwqcQriUtg==

sax@^1.2.4:
  version "1.3.0"
  resolved "https://registry.yarnpkg.com/sax/-/sax-1.3.0.tgz#a5dbe77db3be05c9d1ee7785dbd3ea9de51593d0"
  integrity sha512-0s+oAmw9zLl1V1cS9BtZN7JAd0cW5e0QH4W3LWEK6a4LaLEA2OTpGYWDY+6XasBLtz6wkm3u1xRw95mRuJ59WA==

seedrandom@^3.0.5:
  version "3.0.5"
  resolved "https://registry.yarnpkg.com/seedrandom/-/seedrandom-3.0.5.tgz#54edc85c95222525b0c7a6f6b3543d8e0b3aa0a7"
  integrity sha512-8OwmbklUNzwezjGInmZ+2clQmExQPvomqjL7LFqOYqtmuxRgQYqOD3mHaU+MvZn5FLUeVxVfQjwLZW/n/JFuqg==

select2@^4.0.2:
  version "4.0.13"
  resolved "https://registry.yarnpkg.com/select2/-/select2-4.0.13.tgz#0dbe377df3f96167c4c1626033e924372d8ef44d"
  integrity sha512-1JeB87s6oN/TDxQQYCvS5EFoQyvV6eYMZZ0AeA4tdFDYWN3BAGZ8npr17UBFddU0lgAt3H0yjX3X6/ekOj1yjw==

set-function-length@^1.1.1:
  version "1.1.1"
  resolved "https://registry.yarnpkg.com/set-function-length/-/set-function-length-1.1.1.tgz#4bc39fafb0307224a33e106a7d35ca1218d659ed"
  integrity sha512-VoaqjbBJKiWtg4yRcKBQ7g7wnGnLV3M8oLvVWwOk2PdYY6PEFegR1vezXR0tw6fZGF9csVakIRjrJiy2veSBFQ==
  dependencies:
    define-data-property "^1.1.1"
    get-intrinsic "^1.2.1"
    gopd "^1.0.1"
    has-property-descriptors "^1.0.0"

set-function-name@^2.0.0:
  version "2.0.1"
  resolved "https://registry.yarnpkg.com/set-function-name/-/set-function-name-2.0.1.tgz#12ce38b7954310b9f61faa12701620a0c882793a"
  integrity sha512-tMNCiqYVkXIZgc2Hnoy2IvC/f8ezc5koaRFkCjrpWzGpCd3qbZXPzVy9MAZzK1ch/X0jvSkojys3oqJN0qCmdA==
  dependencies:
    define-data-property "^1.0.1"
    functions-have-names "^1.2.3"
    has-property-descriptors "^1.0.0"

side-channel@^1.0.4:
  version "1.0.4"
  resolved "https://registry.yarnpkg.com/side-channel/-/side-channel-1.0.4.tgz#efce5c8fdc104ee751b25c58d4290011fa5ea2cf"
  integrity sha512-q5XPytqFEIKHkGdiMIrY10mvLRvnQh42/+GoBlFW3b2LXLE2xxJpZFdm94we0BaoV3RwJyGqg5wS7epxTv0Zvw==
  dependencies:
    call-bind "^1.0.0"
    get-intrinsic "^1.0.2"
    object-inspect "^1.9.0"

socket.io-adapter@~2.5.2:
  version "2.5.2"
  resolved "https://registry.yarnpkg.com/socket.io-adapter/-/socket.io-adapter-2.5.2.tgz#5de9477c9182fdc171cd8c8364b9a8894ec75d12"
  integrity sha512-87C3LO/NOMc+eMcpcxUBebGjkpMDkNBS9tf7KJqcDsmL936EChtVva71Dw2q4tQcuVC+hAUy4an2NO/sYXmwRA==
  dependencies:
    ws "~8.11.0"

socket.io-parser@~4.2.4:
  version "4.2.4"
  resolved "https://registry.yarnpkg.com/socket.io-parser/-/socket.io-parser-4.2.4.tgz#c806966cf7270601e47469ddeec30fbdfda44c83"
  integrity sha512-/GbIKmo8ioc+NIWIhwdecY0ge+qVBSMdgxGygevmdHj24bsfgtCmcUUcQ5ZzcylGFHsN3k4HB4Cgkl96KVnuew==
  dependencies:
    "@socket.io/component-emitter" "~3.1.0"
    debug "~4.3.1"

socket.io@^4.1.3:
  version "4.7.2"
  resolved "https://registry.yarnpkg.com/socket.io/-/socket.io-4.7.2.tgz#22557d76c3f3ca48f82e73d68b7add36a22df002"
  integrity sha512-bvKVS29/I5fl2FGLNHuXlQaUH/BlzX1IN6S+NKLNZpBsPZIDH+90eQmCs2Railn4YUiww4SzUedJ6+uzwFnKLw==
  dependencies:
    accepts "~1.3.4"
    base64id "~2.0.0"
    cors "~2.8.5"
    debug "~4.3.2"
    engine.io "~6.5.2"
    socket.io-adapter "~2.5.2"
    socket.io-parser "~4.2.4"

stop-iteration-iterator@^1.0.0:
  version "1.0.0"
  resolved "https://registry.yarnpkg.com/stop-iteration-iterator/-/stop-iteration-iterator-1.0.0.tgz#6a60be0b4ee757d1ed5254858ec66b10c49285e4"
  integrity sha512-iCGQj+0l0HOdZ2AEeBADlsRC+vsnDsZsbdSiH1yNSjcfKM7fdpCMfqAL/dwF5BLiw/XhRft/Wax6zQbhq2BcjQ==
  dependencies:
    internal-slot "^1.0.4"

svg-to-pdfkit@^0.1.8:
  version "0.1.8"
  resolved "https://registry.yarnpkg.com/svg-to-pdfkit/-/svg-to-pdfkit-0.1.8.tgz#5921765922044843f0c1a5b25ec1ef8a4a33b8af"
  integrity sha512-QItiGZBy5TstGy+q8mjQTMGRlDDOARXLxH+sgVm1n/LYeo0zFcQlcCh8m4zi8QxctrxB9Kue/lStc/RD5iLadQ==
  dependencies:
    pdfkit ">=0.8.1"

tiny-emitter@^2.1.0:
  version "2.1.0"
  resolved "https://registry.yarnpkg.com/tiny-emitter/-/tiny-emitter-2.1.0.tgz#1d1a56edfc51c43e863cbb5382a72330e3555423"
  integrity sha512-NB6Dk1A9xgQPMoGqC5CVXn123gWyte215ONT5Pp5a0yt4nlEoO1ZWeCwpncaekPHXO60i47ihFnZPiRPjRMq4Q==

tiny-inflate@^1.0.0, tiny-inflate@^1.0.3:
  version "1.0.3"
  resolved "https://registry.yarnpkg.com/tiny-inflate/-/tiny-inflate-1.0.3.tgz#122715494913a1805166aaf7c93467933eea26c4"
  integrity sha512-pkY1fj1cKHb2seWDy0B16HeWyczlJA9/WW3u3c4z/NiWDsO3DOU5D7nhTLE9CF0yXv/QZFY7sEJmj24dK+Rrqw==

tslib@2.3.0:
  version "2.3.0"
  resolved "https://registry.yarnpkg.com/tslib/-/tslib-2.3.0.tgz#803b8cdab3e12ba581a4ca41c8839bbb0dacb09e"
  integrity sha512-N82ooyxVNm6h1riLCoyS9e3fuJ3AMG2zIZs2Gd1ATcSFjSA23Q0fzjjZeh0jbJvWVDZ0cJT8yaNNaaXHzueNjg==

tslib@^2.4.0:
  version "2.6.2"
  resolved "https://registry.yarnpkg.com/tslib/-/tslib-2.6.2.tgz#703ac29425e7b37cd6fd456e92404d46d1f3e4ae"
  integrity sha512-AEYxH93jGFPn/a2iVAwW87VuUIkR1FVUKB77NwMF7nBTDkDrrT/Hpt/IrCJ0QXhW27jTBDcf5ZY7w6RiqTMw2Q==

typed-function@^4.1.0:
  version "4.1.0"
  resolved "https://registry.yarnpkg.com/typed-function/-/typed-function-4.1.0.tgz#da4bdd8a6d19a89e22732f75e4a410860aaf9712"
  integrity sha512-DGwUl6cioBW5gw2L+6SMupGwH/kZOqivy17E4nsh1JI9fKF87orMmlQx3KISQPmg3sfnOUGlwVkroosvgddrlg==

undici-types@~5.26.4:
  version "5.26.5"
  resolved "https://registry.yarnpkg.com/undici-types/-/undici-types-5.26.5.tgz#bcd539893d00b56e964fd2657a4866b221a65617"
  integrity sha512-JlCMO+ehdEIKqlFxk6IfVoAUVmgz7cU7zD/h9XZ0qzeosSHmUJVOzSQvvYSYWXkFXC+IfLKSIffhv0sVZup6pA==

unicode-properties@^1.3.1:
  version "1.4.1"
  resolved "https://registry.yarnpkg.com/unicode-properties/-/unicode-properties-1.4.1.tgz#96a9cffb7e619a0dc7368c28da27e05fc8f9be5f"
  integrity sha512-CLjCCLQ6UuMxWnbIylkisbRj31qxHPAurvena/0iwSVbQ2G1VY5/HjV0IRabOEbDHlzZlRdCrD4NhB0JtU40Pg==
  dependencies:
    base64-js "^1.3.0"
    unicode-trie "^2.0.0"

unicode-trie@^2.0.0:
  version "2.0.0"
  resolved "https://registry.yarnpkg.com/unicode-trie/-/unicode-trie-2.0.0.tgz#8fd8845696e2e14a8b67d78fa9e0dd2cad62fec8"
  integrity sha512-x7bc76x0bm4prf1VLg79uhAzKw8DVboClSN5VxJuQ+LKDOVEW9CdH+VY7SP+vX7xCYQqzzgQpFqz15zeLvAtZQ==
  dependencies:
    pako "^0.2.5"
    tiny-inflate "^1.0.0"

vary@^1:
  version "1.1.2"
  resolved "https://registry.yarnpkg.com/vary/-/vary-1.1.2.tgz#2299f02c6ded30d4a5961b0b9f74524a18f634fc"
  integrity sha512-BNGbWLfd0eUPabhkXUVm0j8uuvREyTh5ovRa/dyow/BqAbZJyC+5fU+IzQOzmAKzYqYRAISoRhdQr3eIZ/PXqg==

which-boxed-primitive@^1.0.2:
  version "1.0.2"
  resolved "https://registry.yarnpkg.com/which-boxed-primitive/-/which-boxed-primitive-1.0.2.tgz#13757bc89b209b049fe5d86430e21cf40a89a8e6"
  integrity sha512-bwZdv0AKLpplFY2KZRX6TvyuN7ojjr7lwkg6ml0roIy9YeuSr7JS372qlNW18UQYzgYK9ziGcerWqZOmEn9VNg==
  dependencies:
    is-bigint "^1.0.1"
    is-boolean-object "^1.1.0"
    is-number-object "^1.0.4"
    is-string "^1.0.5"
    is-symbol "^1.0.3"

which-collection@^1.0.1:
  version "1.0.1"
  resolved "https://registry.yarnpkg.com/which-collection/-/which-collection-1.0.1.tgz#70eab71ebbbd2aefaf32f917082fc62cdcb70906"
  integrity sha512-W8xeTUwaln8i3K/cY1nGXzdnVZlidBcagyNFtBdD5kxnb4TvGKR7FfSIS3mYpwWS1QUCutfKz8IY8RjftB0+1A==
  dependencies:
    is-map "^2.0.1"
    is-set "^2.0.1"
    is-weakmap "^2.0.1"
    is-weakset "^2.0.1"

which-typed-array@^1.1.11, which-typed-array@^1.1.13:
  version "1.1.13"
  resolved "https://registry.yarnpkg.com/which-typed-array/-/which-typed-array-1.1.13.tgz#870cd5be06ddb616f504e7b039c4c24898184d36"
  integrity sha512-P5Nra0qjSncduVPEAr7xhoF5guty49ArDTwzJ/yNuPIbZppyRxFQsRCWrocxIY+CnMVG+qfbU2FmDKyvSGClow==
  dependencies:
    available-typed-arrays "^1.0.5"
    call-bind "^1.0.4"
    for-each "^0.3.3"
    gopd "^1.0.1"
    has-tostringtag "^1.0.0"

ws@~8.11.0:
  version "8.11.0"
  resolved "https://registry.yarnpkg.com/ws/-/ws-8.11.0.tgz#6a0d36b8edfd9f96d8b25683db2f8d7de6e8e143"
  integrity sha512-HPG3wQd9sNQoT9xHyNCXoDUa+Xw/VevmY9FoHyQ+g+rrMn4j6FB4np7Z0OhdTgjx6MgQLK7jwSy1YecU1+4Asg==

xmldoc@^1.1.2:
  version "1.3.0"
  resolved "https://registry.yarnpkg.com/xmldoc/-/xmldoc-1.3.0.tgz#7823225b096c74036347c9ec5924d06b6a3cebab"
  integrity sha512-y7IRWW6PvEnYQZNZFMRLNJw+p3pezM4nKYPfr15g4OOW9i8VpeydycFuipE2297OvZnh3jSb2pxOt9QpkZUVng==
  dependencies:
    sax "^1.2.4"

zrender@5.4.3:
  version "5.4.3"
  resolved "https://registry.yarnpkg.com/zrender/-/zrender-5.4.3.tgz#41ffaf835f3a3210224abd9d6964b48ff01e79f5"
  integrity sha512-DRUM4ZLnoaT0PBVvGBDO9oWIDBKFdAVieNWxWwK0niYzJCMwGchRk21/hsE+RKkIveH3XHCyvXcJDkgLVvfizQ==
  dependencies:
    tslib "2.3.0"
