{
  "name": "releaser",
  "version": "1.0.0",
  "lockfileVersion": 1,
  "requires": true,
  "dependencies": {
    "async-lock": {
      "version": "1.3.0",
      "resolved": "https://registry.npmjs.org/async-lock/-/async-lock-1.3.0.tgz",
      "integrity": "sha512-8A7SkiisnEgME2zEedtDYPxUPzdv3x//E7n5IFktPAtMYSEAV7eNJF0rMwrVyUFj6d/8rgajLantbjcNRQYXIg=="
    },
    "clean-git-ref": {
      "version": "2.0.1",
      "resolved": "https://registry.npmjs.org/clean-git-ref/-/clean-git-ref-2.0.1.tgz",
      "integrity": "sha512-bLSptAy2P0s6hU4PzuIMKmMJJSE6gLXGH1cntDu7bWJUksvuM+7ReOK61mozULErYvP6a15rnYl0zFDef+pyPw=="
    },
    "crc-32": {
      "version": "1.2.0",
      "resolved": "https://registry.npmjs.org/crc-32/-/crc-32-1.2.0.tgz",
      "integrity": "sha512-1uBwHxF+Y/4yF5G48fwnKq6QsIXheor3ZLPT80yGBV1oEUwpPojlEhQbWKVw1VwcTQyMGHK1/XMmTjmlsmTTGA==",
      "requires": {
        "exit-on-epipe": "~1.0.1",
        "printj": "~1.1.0"
      }
    },
    "decompress-response": {
      "version": "4.2.1",
      "resolved": "https://registry.npmjs.org/decompress-response/-/decompress-response-4.2.1.tgz",
      "integrity": "sha512-jOSne2qbyE+/r8G1VU+G/82LBs2Fs4LAsTiLSHOCOMZQl2OKZ6i8i4IyHemTe+/yIXOtTcRQMzPcgyhoFlqPkw==",
      "requires": {
        "mimic-response": "^2.0.0"
      }
    },
    "diff3": {
      "version": "0.0.3",
      "resolved": "https://registry.npmjs.org/diff3/-/diff3-0.0.3.tgz",
      "integrity": "sha1-1OXDpM305f4SEatC5pP8tDIVgPw="
    },
    "exit-on-epipe": {
      "version": "1.0.1",
      "resolved": "https://registry.npmjs.org/exit-on-epipe/-/exit-on-epipe-1.0.1.tgz",
      "integrity": "sha512-h2z5mrROTxce56S+pnvAV890uu7ls7f1kEvVGJbw1OlFH3/mlJ5bkXu0KRyW94v37zzHPiUd55iLn3DA7TjWpw=="
    },
    "ignore": {
      "version": "5.1.8",
      "resolved": "https://registry.npmjs.org/ignore/-/ignore-5.1.8.tgz",
      "integrity": "sha512-BMpfD7PpiETpBl/A6S498BaIJ6Y/ABT93ETbby2fP00v4EbvPBXWEoaR1UBPKs3iR53pJY7EtZk5KACI57i1Uw=="
    },
    "inherits": {
      "version": "2.0.4",
      "resolved": "https://registry.npmjs.org/inherits/-/inherits-2.0.4.tgz",
      "integrity": "sha512-k/vGaX4/Yla3WzyMCvTQOXYeIHvqOKtnqBduzTHpzpQZzAskKMhZ2K+EnBiSM9zGSoIFeMpXKxa4dYeZIQqewQ=="
    },
    "isomorphic-git": {
      "version": "1.9.2",
      "resolved": "https://registry.npmjs.org/isomorphic-git/-/isomorphic-git-1.9.2.tgz",
      "integrity": "sha512-puCXcGgtkDXdMYLZlAEGbpkbmHn/Q4Lsl2uMFwMLOKmmr8Qe7Fe3+c6k2+aHW3rMdJYg9xTv95BJ+PRzR8Ydww==",
      "requires": {
        "async-lock": "^1.1.0",
        "clean-git-ref": "^2.0.1",
        "crc-32": "^1.2.0",
        "diff3": "0.0.3",
        "ignore": "^5.1.4",
        "minimisted": "^2.0.0",
        "pako": "^1.0.10",
        "pify": "^4.0.1",
        "readable-stream": "^3.4.0",
        "sha.js": "^2.4.9",
        "simple-get": "^3.0.2"
      }
    },
    "lru-cache": {
      "version": "6.0.0",
      "resolved": "https://registry.npmjs.org/lru-cache/-/lru-cache-6.0.0.tgz",
      "integrity": "sha512-Jo6dJ04CmSjuznwJSS3pUeWmd/H0ffTlkXXgwZi+eq1UCmqQwCh+eLsYOYCwY991i2Fah4h1BEMCx4qThGbsiA==",
      "requires": {
        "yallist": "^4.0.0"
      }
    },
    "marked": {
      "version": "2.1.3",
      "resolved": "https://registry.npmjs.org/marked/-/marked-2.1.3.tgz",
      "integrity": "sha512-/Q+7MGzaETqifOMWYEA7HVMaZb4XbcRfaOzcSsHZEith83KGlvaSG33u0SKu89Mj5h+T8V2hM+8O45Qc5XTgwA=="
    },
    "mimic-response": {
      "version": "2.1.0",
      "resolved": "https://registry.npmjs.org/mimic-response/-/mimic-response-2.1.0.tgz",
      "integrity": "sha512-wXqjST+SLt7R009ySCglWBCFpjUygmCIfD790/kVbiGmUgfYGuB14PiTd5DwVxSV4NcYHjzMkoj5LjQZwTQLEA=="
    },
    "minimist": {
      "version": "1.2.5",
      "resolved": "https://registry.npmjs.org/minimist/-/minimist-1.2.5.tgz",
      "integrity": "sha512-FM9nNUYrRBAELZQT3xeZQ7fmMOBg6nWNmJKTcgsJeaLstP/UODVpGsr5OhXhhXg6f+qtJ8uiZ+PUxkDWcgIXLw=="
    },
    "minimisted": {
      "version": "2.0.1",
      "resolved": "https://registry.npmjs.org/minimisted/-/minimisted-2.0.1.tgz",
      "integrity": "sha512-1oPjfuLQa2caorJUM8HV8lGgWCc0qqAO1MNv/k05G4qslmsndV/5WdNZrqCiyqiz3wohia2Ij2B7w2Dr7/IyrA==",
      "requires": {
        "minimist": "^1.2.5"
      }
    },
    "once": {
      "version": "1.4.0",
      "resolved": "https://registry.npmjs.org/once/-/once-1.4.0.tgz",
      "integrity": "sha1-WDsap3WWHUsROsF9nFC6753Xa9E=",
      "requires": {
        "wrappy": "1"
      }
    },
    "pako": {
      "version": "1.0.11",
      "resolved": "https://registry.npmjs.org/pako/-/pako-1.0.11.tgz",
      "integrity": "sha512-4hLB8Py4zZce5s4yd9XzopqwVv/yGNhV1Bl8NTmCq1763HeK2+EwVTv+leGeL13Dnh2wfbqowVPXCIO0z4taYw=="
    },
    "pify": {
      "version": "4.0.1",
      "resolved": "https://registry.npmjs.org/pify/-/pify-4.0.1.tgz",
      "integrity": "sha512-uB80kBFb/tfd68bVleG9T5GGsGPjJrLAUpR5PZIrhBnIaRTQRjqdJSsIKkOP6OAIFbj7GOrcudc5pNjZ+geV2g=="
    },
    "printj": {
      "version": "1.1.2",
      "resolved": "https://registry.npmjs.org/printj/-/printj-1.1.2.tgz",
      "integrity": "sha512-zA2SmoLaxZyArQTOPj5LXecR+RagfPSU5Kw1qP+jkWeNlrq+eJZyY2oS68SU1Z/7/myXM4lo9716laOFAVStCQ=="
    },
    "readable-stream": {
      "version": "3.6.0",
      "resolved": "https://registry.npmjs.org/readable-stream/-/readable-stream-3.6.0.tgz",
      "integrity": "sha512-BViHy7LKeTz4oNnkcLJ+lVSL6vpiFeX6/d3oSH8zCW7UxP2onchk+vTGB143xuFjHS3deTgkKoXXymXqymiIdA==",
      "requires": {
        "inherits": "^2.0.3",
        "string_decoder": "^1.1.1",
        "util-deprecate": "^1.0.1"
      }
    },
    "safe-buffer": {
      "version": "5.2.1",
      "resolved": "https://registry.npmjs.org/safe-buffer/-/safe-buffer-5.2.1.tgz",
      "integrity": "sha512-rp3So07KcdmmKbGvgaNxQSJr7bGVSVk5S9Eq1F+ppbRo70+YeaDxkw5Dd8NPN+GD6bjnYm2VuPuCXmpuYvmCXQ=="
    },
    "semver": {
      "version": "7.3.5",
      "resolved": "https://registry.npmjs.org/semver/-/semver-7.3.5.tgz",
      "integrity": "sha512-PoeGJYh8HK4BTO/a9Tf6ZG3veo/A7ZVsYrSA6J8ny9nb3B1VrpkuN+z9OE5wfE5p6H4LchYZsegiQgbJD94ZFQ==",
      "requires": {
        "lru-cache": "^6.0.0"
      }
    },
    "sha.js": {
      "version": "2.4.11",
      "resolved": "https://registry.npmjs.org/sha.js/-/sha.js-2.4.11.tgz",
      "integrity": "sha512-QMEp5B7cftE7APOjk5Y6xgrbWu+WkLVQwk8JNjZ8nKRciZaByEW6MubieAiToS7+dwvrjGhH8jRXz3MVd0AYqQ==",
      "requires": {
        "inherits": "^2.0.1",
        "safe-buffer": "^5.0.1"
      }
    },
    "shell-quote": {
      "version": "1.7.2",
      "resolved": "https://registry.npmjs.org/shell-quote/-/shell-quote-1.7.2.tgz",
      "integrity": "sha512-mRz/m/JVscCrkMyPqHc/bczi3OQHkLTqXHEFu0zDhK/qfv3UcOA4SVmRCLmos4bhjr9ekVQubj/R7waKapmiQg=="
    },
    "simple-concat": {
      "version": "1.0.1",
      "resolved": "https://registry.npmjs.org/simple-concat/-/simple-concat-1.0.1.tgz",
      "integrity": "sha512-cSFtAPtRhljv69IK0hTVZQ+OfE9nePi/rtJmw5UjHeVyVroEqJXP1sFztKUy1qU+xvz3u/sfYJLa947b7nAN2Q=="
    },
    "simple-get": {
      "version": "3.1.0",
      "resolved": "https://registry.npmjs.org/simple-get/-/simple-get-3.1.0.tgz",
      "integrity": "sha512-bCR6cP+aTdScaQCnQKbPKtJOKDp/hj9EDLJo3Nw4y1QksqaovlW/bnptB6/c1e+qmNIDHRK+oXFDdEqBT8WzUA==",
      "requires": {
        "decompress-response": "^4.2.0",
        "once": "^1.3.1",
        "simple-concat": "^1.0.0"
      }
    },
    "string_decoder": {
      "version": "1.3.0",
      "resolved": "https://registry.npmjs.org/string_decoder/-/string_decoder-1.3.0.tgz",
      "integrity": "sha512-hkRX8U1WjJFd8LsDJ2yQ/wWWxaopEsABU1XfkM8A+j0+85JAGppt16cr1Whg6KIbb4okU6Mql6BOj+uup/wKeA==",
      "requires": {
        "safe-buffer": "~5.2.0"
      }
    },
    "util-deprecate": {
      "version": "1.0.2",
      "resolved": "https://registry.npmjs.org/util-deprecate/-/util-deprecate-1.0.2.tgz",
      "integrity": "sha1-RQ1Nyfpw3nMnYvvS1KKJgUGaDM8="
    },
    "wrappy": {
      "version": "1.0.2",
      "resolved": "https://registry.npmjs.org/wrappy/-/wrappy-1.0.2.tgz",
      "integrity": "sha1-tSQ9jz7BqjXxNkYFvA0QNuMKtp8="
    },
    "yallist": {
      "version": "4.0.0",
      "resolved": "https://registry.npmjs.org/yallist/-/yallist-4.0.0.tgz",
      "integrity": "sha512-3wdGidZyq5PB084XLES5TpOSRA3wjXAlIWMhum2kRcv/41Sn2emQ0dycQW4uZXLejwKvg6EsvbdlVL+FYEct7A=="
    }
  }
}
